{
    "_meta": {
        "hash": {
            "sha256": "125e722ba22f20d57575df9948d2886111044657b1cdf19654157d9959f6a501"
        },
        "pipfile-spec": 6,
        "requires": {
            "python_version": "3.7"
        },
        "sources": [
            {
                "name": "pypi",
                "url": "https://pypi.org/simple",
                "verify_ssl": true
            }
        ]
    },
    "default": {
        "appdirs": {
            "hashes": [
                "sha256:9e5896d1372858f8dd3344faf4e5014d21849c756c8d5701f78f8a103b372d92",
                "sha256:d8b24664561d0d34ddfaec54636d502d7cea6e29c3eaf68f3df6180863e2166e"
            ],
            "version": "==1.4.3"
        },
        "astor": {
            "hashes": [
                "sha256:0e41295809baf43ae8303350e031aff81ae52189b6f881f36d623fa8b2f1960e",
                "sha256:37a6eed8b371f1228db08234ed7f6cfdc7817a3ed3824797e20cbb11dc2a7862"
            ],
            "index": "pypi",
            "version": "==0.8.0"
        },
        "attrs": {
            "hashes": [
                "sha256:08a96c641c3a74e44eb59afb61a24f2cb9f4d7188748e76ba4bb5edfa3cb7d1c",
                "sha256:f7b7ce16570fe9965acd6d30101a28f62fb4a7f9e926b3bbc9b61f8b04247e72"
            ],
            "version": "==19.3.0"
        },
        "black": {
            "hashes": [
                "sha256:09a9dcb7c46ed496a9850b76e4e825d6049ecd38b611f1224857a79bd985a8cf",
                "sha256:68950ffd4d9169716bcb8719a56c07a2f4485354fec061cdd5910aa07369731c"
            ],
            "index": "pypi",
            "version": "==19.3b0"
        },
        "click": {
            "hashes": [
                "sha256:2335065e6395b9e67ca716de5f7526736bfa6ceead690adf616d925bdc622b13",
                "sha256:5b94b49521f6456670fdb30cd82a4eca9412788a93fa6dd6df72c94d5a8ff2d7"
            ],
            "version": "==7.0"
        },
        "codegen": {
            "hashes": [
                "sha256:d14caccc4175903d79bc5ed2890d140163281b1cdff79f3657e963369e79a6ee"
            ],
            "index": "pypi",
            "version": "==1.0"
        },
        "django": {
            "hashes": [
                "sha256:a4ad4f6f9c6a4b7af7e2deec8d0cbff28501852e5010d6c2dc695d3d1fae7ca0",
                "sha256:fa98ec9cc9bf5d72a08ebf3654a9452e761fbb8566e3f80de199cbc15477e891"
            ],
            "index": "pypi",
            "version": "==2.2.8"
        },
        "djangorestframework": {
            "hashes": [
                "sha256:42979bd5441bb4d8fd69d0f385024a114c3cae7df0f110600b718751250f6929",
                "sha256:aedb48010ebfab9651aaab1df5fd3b4848eb4182afc909852a2110c24f89a359"
            ],
            "index": "pypi",
            "version": "==3.10.2"
        },
        "libcst": {
            "hashes": [
                "sha256:997dff0e81b5ce29cdb3f0e3a3a89325a5d432b0ffa86be94d542953f456b65d",
                "sha256:ecb7a93272b48f6a68fa42c6ba38b215f8930652d3067a59ae23daa978014010"
            ],
            "index": "pypi",
            "version": "==0.1.1"
        },
        "mypy-extensions": {
            "hashes": [
                "sha256:090fedd75945a69ae91ce1303b5824f428daf5a028d2f6ab8a299250a846f15d",
                "sha256:2d82818f5bb3e369420cb3c4060a7970edba416647068eb4c5343488a6c604a8"
            ],
            "version": "==0.4.3"
        },
        "parso": {
            "hashes": [
                "sha256:63854233e1fadb5da97f2744b6b24346d2750b85965e7e399bec1620232797dc",
                "sha256:666b0ee4a7a1220f65d367617f2cd3ffddff3e205f3f16a0284df30e774c2a9c"
            ],
            "version": "==0.5.1"
        },
        "pytz": {
            "hashes": [
                "sha256:1c557d7d0e871de1f5ccd5833f60fb2550652da6be2693c1e02300743d21500d",
                "sha256:b02c06db6cf09c12dd25137e563b31700d3b80fcc4ad23abb7a315f2789819be"
            ],
            "version": "==2019.3"
        },
        "sqlparse": {
            "hashes": [
                "sha256:40afe6b8d4b1117e7dff5504d7a8ce07d9a1b15aeeade8a2d10f130a834f8177",
                "sha256:7c3dca29c022744e95b547e867cee89f4fce4373f3549ccd8797d8eb52cdb873"
            ],
            "version": "==0.3.0"
        },
        "toml": {
            "hashes": [
                "sha256:229f81c57791a41d65e399fc06bf0848bab550a9dfd5ed66df18ce5f05e73d5c",
                "sha256:235682dd292d5899d361a811df37e04a8828a5b1da3115886b73cf81ebc9100e"
            ],
            "version": "==0.10.0"
        },
        "typing-extensions": {
            "hashes": [
                "sha256:091ecc894d5e908ac75209f10d5b4f118fbdb2eb1ede6a63544054bb1edb41f2",
                "sha256:910f4656f54de5993ad9304959ce9bb903f90aadc7c67a0bef07e678014e892d",
                "sha256:cf8b63fedea4d89bab840ecbb93e75578af28f76f66c35889bd7065f5af88575"
            ],
            "version": "==3.7.4.1"
        },
        "typing-inspect": {
            "hashes": [
                "sha256:75c97b7854426a129f3184c68588db29091ff58e6908ed520add1d52fc44df6e",
                "sha256:811b44f92e780b90cfe7bac94249a4fae87cfaa9b40312765489255045231d9c",
                "sha256:c6ed1cd34860857c53c146a6704a96da12e1661087828ce350f34addc6e5eee3"
            ],
            "version": "==0.5.0"
        },
        "unparse": {
            "hashes": [
                "sha256:54e8aeebc180340cddfa248d027de09750916dcde856393370c449e8717818a9"
            ],
            "index": "pypi",
            "version": "==0.2.0"
        }
    },
    "develop": {}
}
